lockfileVersion: '9.0'

settings:
  autoInstallPeers: true
  excludeLinksFromLockfile: false

importers:

  .:
    dependencies:
      guy:
        specifier: ^12.7.0
        version: 12.10.0(acorn-loose@8.5.0)(acorn-walk@8.3.4)(acorn@8.14.1)(astring@1.9.0)(dayjs@1.11.13)(tmp@0.2.3)
      intertype:
        specifier: 0.111.0
        version: 0.111.0(acorn-loose@8.5.0)(acorn-walk@8.3.4)(acorn@8.14.1)(astring@1.9.0)(tmp@0.2.3)

packages:

  acorn-loose@8.5.0:
    resolution: {integrity: sha512-ppga7pybjwX2HSJv5ayHe6QG4wmNS1RQ2wjBMFTVnOj0h8Rxsmtc6fnVzINqHSSRz23sTe9IL3UAt/PU9gc4FA==}
    engines: {node: '>=0.4.0'}

  acorn-walk@8.3.4:
    resolution: {integrity: sha512-ueEepnujpqee2o5aIYnvHU6C0A42MNdsIDeqy5BydrkuC5R1ZuUFnm27EeFJGoEHJQgn3uleRvmTXaJgfXbt4g==}
    engines: {node: '>=0.4.0'}

  acorn@8.14.1:
    resolution: {integrity: sha512-OvQ/2pUDKmgfCg++xsTX1wGxfTaszcHVcTctW4UJB4hibJx2HXxxO5UmVgyjMa+ZDsiaf5wWLXYpRWMmBI0QHg==}
    engines: {node: '>=0.4.0'}
    hasBin: true

  ansi-regex@5.0.1:
    resolution: {integrity: sha512-quJQXlTSUGL2LH9SUXo8VwsY4soanhgo6LNSm84E1LBcE8s3O0wpdiRzyR9z/ZZJMlMWv37qOOb9pdJlMUEKFQ==}
    engines: {node: '>=8'}

  astring@1.9.0:
    resolution: {integrity: sha512-LElXdjswlqjWrPpJFg1Fx4wpkOCxj1TDHlSV4PlaRxHGWko024xICaa97ZkMfs6DRKlCguiAI+rbXv5GWwXIkg==}
    hasBin: true

  dayjs@1.11.13:
    resolution: {integrity: sha512-oaMBel6gjolK862uaPQOVTA7q3TZhuSvuMQAAglQDOWYO9A91IrAOUJEyKVlqJlHE0vq5p5UXxzdPfMH/x6xNg==}

  emoji-regex@8.0.0:
    resolution: {integrity: sha512-MSjYzcWNOA0ewAHpz0MxpYFvwg6yjy1NG3xteoqz644VCo/RPgnr1/GGt+ic3iJTzQ8Eu3TdM14SawnVUmGE6A==}

  guy@11.12.0:
    resolution: {integrity: sha512-lRYE5cZFTa1mNWtz2oTWxRWR8JUfGVb5kft0/rMxRYFh8zrffI+Zi5qwVGTL8G047qa8i/iNfAi/2MDc3Kufpg==}
    peerDependencies:
      acorn: ^8.7.1
      acorn-loose: ^8.3.0
      acorn-walk: ^8.2.0
      astring: ^1.8.3
      tmp: ^0.2.1

  guy@12.10.0:
    resolution: {integrity: sha512-k01buChYgYYrQs5TvMwE73tRHK/Pi/UT0jJQwTxxVEqCVRfdDtgB4rRPf9yIX2R7YQgNuFAjFEGjZW8HkBBOng==}
    peerDependencies:
      acorn: ^8.7.1
      acorn-loose: ^8.3.0
      acorn-walk: ^8.2.0
      astring: ^1.8.3
      dayjs: ^1.11.7
      tmp: ^0.2.1

  intertype-legacy@7.7.1:
    resolution: {integrity: sha512-Bj3k9bCu8vA6JLIvnCrJXOdkecgY5wtCmORclJ87uq22N53swREHT5bezSeK5TwcxgSJEDg2wEfcn4kNr9Qv8A==}

  intertype@0.111.0:
    resolution: {integrity: sha512-GLIrc9yk0vziLjp7riKr2Czmj5FZt+zxFX9+FLrzPfM04QsIs6PopzxuZy5iVkg2szgEgUZIwICRO/fhk2FPvw==}

  is-fullwidth-code-point@3.0.0:
    resolution: {integrity: sha512-zymm5+u+sCsSWyD9qNaejV3DFvhCKclKdizYaJUuHA83RLjb7nSuGnddCHGv0hk+KY7BMAlsWeK4Ueg6EV6XQg==}
    engines: {node: '>=8'}

  letsfreezethat@3.1.0:
    resolution: {integrity: sha512-jJ1nvvQi6unW0WifjNPMIb64Byom0EXzSKWFYA++EpyjK3qv1J2pqeSoEJ61tGJoNG0GoNjPoeLYhxW16riZaA==}

  multimix@5.0.0:
    resolution: {integrity: sha512-N9cdGSDDD7kxOV7R6e4iZqsHTZ4F4iiSDWqMcVqx4gEH6HBtRXav39Gj3fgT1YqvBcwPCQuf0Oa5R2cDaLWK8A==}

  rfdc@1.4.1:
    resolution: {integrity: sha512-q1b3N5QkRUWUl7iyylaaj3kOpIT0N2i9MqIEQXP73GVsN9cw3fdx8X63cEmWhJGi2PPCF23Ijp7ktmd39rawIA==}

  string-width@4.2.3:
    resolution: {integrity: sha512-wKyQRQpjJ0sIp62ErSZdGsjMJWsap5oRNihHhu6G7JVO/9jIB6UyevL+tXuOqrng8j/cxKTWyWUwvSTriiZz/g==}
    engines: {node: '>=8'}

  strip-ansi@6.0.1:
    resolution: {integrity: sha512-Y38VPSHcqkFrCpFnQ9vuSXmquuv5oXOKpGeT6aGrr3o3Gc9AlVa6JBfUSOCnbxGGZF+/0ooI7KrPuUSztUdU5A==}
    engines: {node: '>=8'}

  tmp@0.2.3:
    resolution: {integrity: sha512-nZD7m9iCPC5g0pYmcaxogYKggSfLsdxl8of3Q/oIbqCqLLIO9IAF0GWjX1z9NZRHPiXv8Wex4yDCaZsgEw0Y8w==}
    engines: {node: '>=14.14'}

  to-width@1.2.0:
    resolution: {integrity: sha512-ok/CRyzSZVA6xk9t5PuWuh3SHqCtKCkhI6dfF2YaVX11clXz4yAxxyesC27+m54ilrMRtqTI9UNQRct8lwVYZQ==}

  varsize-string@2.2.2:
    resolution: {integrity: sha512-Wuq8/cNzDSWYYQ1KlTk6IyGrRJOMU1YX21RSgEl3psbAGdExTBOIDWd80Z1n74A/24kStNT9QgylJHVjqgRpsQ==}

  wcsize@1.0.0:
    resolution: {integrity: sha512-80ziCk3Z+iLfhgAbMBMU+PjoSFi9dg0FIKYd9xRiF15wfwJlzxu1mdIUdIv9iE1gpkX/4hV2QBbkNlydXgEFMA==}

  wcstring@2.1.1:
    resolution: {integrity: sha512-81yoFUY/2Fw4RFzIkrlC47g7023/XkKofj62CNFT1kdZn6z7o2xhz8ffR7Wat76SuJTmrFNLmGDd7FLaZsIo5A==}

snapshots:

  acorn-loose@8.5.0:
    dependencies:
      acorn: 8.14.1

  acorn-walk@8.3.4:
    dependencies:
      acorn: 8.14.1

  acorn@8.14.1: {}

  ansi-regex@5.0.1: {}

  astring@1.9.0: {}

  dayjs@1.11.13: {}

  emoji-regex@8.0.0: {}

  guy@11.12.0(acorn-loose@8.5.0)(acorn-walk@8.3.4)(acorn@8.14.1)(astring@1.9.0)(tmp@0.2.3):
    dependencies:
      acorn: 8.14.1
      acorn-loose: 8.5.0
      acorn-walk: 8.3.4
      astring: 1.9.0
      intertype-legacy: 7.7.1
      letsfreezethat: 3.1.0
      tmp: 0.2.3

  guy@12.10.0(acorn-loose@8.5.0)(acorn-walk@8.3.4)(acorn@8.14.1)(astring@1.9.0)(dayjs@1.11.13)(tmp@0.2.3):
    dependencies:
      acorn: 8.14.1
      acorn-loose: 8.5.0
      acorn-walk: 8.3.4
      astring: 1.9.0
      dayjs: 1.11.13
      intertype-legacy: 7.7.1
      letsfreezethat: 3.1.0
      tmp: 0.2.3

  intertype-legacy@7.7.1:
    dependencies:
      multimix: 5.0.0

  intertype@0.111.0(acorn-loose@8.5.0)(acorn-walk@8.3.4)(acorn@8.14.1)(astring@1.9.0)(tmp@0.2.3):
    dependencies:
      guy: 11.12.0(acorn-loose@8.5.0)(acorn-walk@8.3.4)(acorn@8.14.1)(astring@1.9.0)(tmp@0.2.3)
      intertype-legacy: 7.7.1
      rfdc: 1.4.1
      to-width: 1.2.0
    transitivePeerDependencies:
      - acorn
      - acorn-loose
      - acorn-walk
      - astring
      - tmp

  is-fullwidth-code-point@3.0.0: {}

  letsfreezethat@3.1.0: {}

  multimix@5.0.0: {}

  rfdc@1.4.1: {}

  string-width@4.2.3:
    dependencies:
      emoji-regex: 8.0.0
      is-fullwidth-code-point: 3.0.0
      strip-ansi: 6.0.1

  strip-ansi@6.0.1:
    dependencies:
      ansi-regex: 5.0.1

  tmp@0.2.3: {}

  to-width@1.2.0:
    dependencies:
      string-width: 4.2.3
      wcstring: 2.1.1

  varsize-string@2.2.2: {}

  wcsize@1.0.0: {}

  wcstring@2.1.1:
    dependencies:
      varsize-string: 2.2.2
      wcsize: 1.0.0
