lockfileVersion: '9.0'

settings:
  autoInstallPeers: true
  excludeLinksFromLockfile: false

importers:

  .:
    dependencies:
      cleartype:
        specifier: ^0.0.6
        version: 0.0.6
      guy:
        specifier: ^14.2.0
        version: 14.2.0

packages:

  cleartype@0.0.6:
    resolution: {integrity: sha512-pgxlgutSg7xff72zNtd8hLSCJH9RSkgupXQEUTPcvbndCs8PW4TJ3btMfpjQbLLrimA25dZLSHZ0LfAiG2kz1w==}

  guy@14.2.0:
    resolution: {integrity: sha512-3b3TgmxfspcLULdJ4oOw8uD6hNnVJ4aFJnzoWSHigil+y1UGb3/otrrZcPDQaiL5LRzaJsRi/6AorNOf/F4VtA==}

  intertype-legacy@7.7.1:
    resolution: {integrity: sha512-Bj3k9bCu8vA6JLIvnCrJXOdkecgY5wtCmORclJ87uq22N53swREHT5bezSeK5TwcxgSJEDg2wEfcn4kNr9Qv8A==}

  loupe@3.1.3:
    resolution: {integrity: sha512-kkIp7XSkP78ZxJEsSxW3712C6teJVoeHHwgo9zJ380de7IYyJ2ISlxojcH2pC5OFLewESmnRi/+XCDIEEVyoug==}

  multimix@5.0.0:
    resolution: {integrity: sha512-N9cdGSDDD7kxOV7R6e4iZqsHTZ4F4iiSDWqMcVqx4gEH6HBtRXav39Gj3fgT1YqvBcwPCQuf0Oa5R2cDaLWK8A==}

snapshots:

  cleartype@0.0.6:
    dependencies:
      loupe: 3.1.3

  guy@14.2.0:
    dependencies:
      intertype-legacy: 7.7.1

  intertype-legacy@7.7.1:
    dependencies:
      multimix: 5.0.0

  loupe@3.1.3: {}

  multimix@5.0.0: {}
